
Microsoft Visual Studio Solution File, Format Version 12.00
# Visual Studio Version 16
VisualStudioVersion = 16.0.31402.337
MinimumVisualStudioVersion = 10.0.40219.1
Project("{FAE04EC0-301F-11D3-BF4B-00C04F79EFBC}") = "parallel-mandelbrot", "parallel-mandelbrot\parallel-mandelbrot.csproj", "{93F9A6DF-0320-47C5-87B3-28704FC2A259}"
EndProject
Global
	GlobalSection(SolutionConfigurationPlatforms) = preSolution
		Debug|Any CPU = Debug|Any CPU
		Release|Any CPU = Release|Any CPU
	EndGlobalSection
	GlobalSection(ProjectConfigurationPlatforms) = postSolution
		{93F9A6DF-0320-47C5-87B3-28704FC2A259}.Debug|Any CPU.ActiveCfg = Debug|Any CPU
		{93F9A6DF-0320-47C5-87B3-28704FC2A259}.Debug|Any CPU.Build.0 = Debug|Any CPU
		{93F9A6DF-0320-47C5-87B3-28704FC2A259}.Release|Any CPU.ActiveCfg = Release|Any CPU
		{93F9A6DF-0320-47C5-87B3-28704FC2A259}.Release|Any CPU.Build.0 = Release|Any CPU
	EndGlobalSection
	GlobalSection(SolutionProperties) = preSolution
		HideSolutionNode = FALSE
	EndGlobalSection
	GlobalSection(ExtensibilityGlobals) = postSolution
		SolutionGuid = {A0EB20A2-3F50-44AE-BEF7-DF25F6B3A948}
	EndGlobalSection
EndGlobal
